Jinja2 @ https://files.pythonhosted.org/packages/62/a1/3d680cbfd5f4b8f15abc1d571870c5fc3e594bb582bc3b64ea099db13e56/jinja2-3.1.6-py3-none-any.whl --hash=sha256:85ece4451f492d0c13c5dd7c13a64681a86afae63a5f347908daf103ce6d2f67
MarkupSafe @ https://files.pythonhosted.org/packages/50/50/394a1c61c9b9972cb4f76875c332af7109bd39bdad09d3a0ec5327a339dc/markupsafe-3.0.4-cp310-cp310-win_amd64.whl --hash=sha256:5c22873ad1f0532ba40fa1727f3c0fc1bbbaab6d373d4cbe3f0dc74b2e2521c7
Pillow @ https://files.pythonhosted.org/packages/2d/7e/18ffce67b6e7637eead295b8a78d293d170d404a633010c3549da9a5e674/Pillow-10.1.0-cp310-cp310-win_amd64.whl --hash=sha256:41f67248d92a5e0a2076d3517d8d4b1e41a97e2df10eb8f93106c89107f38b57
PyMatting @ https://files.pythonhosted.org/packages/47/8e/2c00f3615fc906c01f5168d2caedf61811db6259b8d0c9a1b14d7c9af61a/pymatting-1.1.16-py3-none-any.whl --hash=sha256:6ad3f787f90d7720b60e9734c33588cb30f98a66abf7bd772fa499d3a32b466a
PyYAML @ https://files.pythonhosted.org/packages/2a/fa/926c003379b19fca39dd4634818b00dec6c62d87faf628d1394e137354d4/pyyaml-6.0.3-cp310-cp310-win_amd64.whl --hash=sha256:bdb2c67c6c1390b63c6ff89f210c8fd09d9a1217a465701eac7316313c915e4c
antlr4-python3-runtime @ https://files.pythonhosted.org/packages/3e/38/7859ff46355f76f8d19459005ca000b6e7012f2f1ca597746cbcd1fbfe5e/antlr4-python3-runtime-4.9.3.tar.gz --hash=sha256:f224469b4168294902bb1efa80a8bf7855f24c99aef99cbefc1bcd3cce77881b
attrs @ https://files.pythonhosted.org/packages/64/b4/17d4b0b2a2dc85a6df63d1157e028ed19f90d4cd97c36717afef2bc2f395/attrs-26.1.0-py3-none-any.whl --hash=sha256:c647aa4a12dfbad9333ca4e71fe62ddc36f4e63b2d260a37a8b83d2f043ac309
certifi @ https://files.pythonhosted.org/packages/0b/a7/71ac2cff56fec219ed242bb11b8efb69fcc4bec75db06fb7bfe35de520e6/certifi-2026.7.22-py3-none-any.whl --hash=sha256:62f22742b58a1a33014a2b6b706588a8d7e2a88ae7bd1a6ebe8c992928483775
charset-normalizer @ https://files.pythonhosted.org/packages/ae/ab/fb8b5178fdf7bf68efa61cbe892286bc9f73846f26147d4725fb89388475/charset_normalizer-3.5.2-cp310-cp310-win_amd64.whl --hash=sha256:1461ac396c4fdb983a675f20aa555624f0ee18ac83d832b9244ffff3d8055275
colorama @ https://files.pythonhosted.org/packages/d1/d6/3965ed04c63042e047cb6a3e6ed1a63a35087b6a609aa3a15ed8ac56c221/colorama-0.4.6-py2.py3-none-any.whl --hash=sha256:4f1d9991f5acc0ca119f9d443620b77f9d6b33703e51011c16baf57afb285fc6
coloredlogs @ https://files.pythonhosted.org/packages/a7/06/3d6badcf13db419e25b07041d9c7b4a2c331d3f4e7134445ec5df57714cd/coloredlogs-15.0.1-py2.py3-none-any.whl --hash=sha256:612ee75c546f53e92e70049c9dbfcc18c935a2b9a53b66085ce9ef6a6e5c0934
einops @ https://files.pythonhosted.org/packages/29/0b/2d1c0ebfd092e25935b86509a9a817159212d82aa43d7fb07eca4eeff2c2/einops-0.7.0-py3-none-any.whl --hash=sha256:0f3096f26b914f465f6ff3c66f5478f9a5e380bb367ffc6493a68143fbbf1fd1
filelock @ https://files.pythonhosted.org/packages/da/a1/b047e1c486a2c66283633b7dbb73872ca16ca1ce6a426f70d4d037fc8e1c/filelock-4.0.12-py3-none-any.whl --hash=sha256:5f17ee83ecee8a6f3e389c75822fb70a1c2f0506b99438a6dffa1d56793588c8
flatbuffers @ https://files.pythonhosted.org/packages/e8/2d/d2a548598be01649e2d46231d151a6c56d10b964d94043a335ae56ea2d92/flatbuffers-25.12.19-py2.py3-none-any.whl --hash=sha256:7634f50c427838bb021c2d66a3d1168e9d199b0607e6329399f04846d42e20b4
fsspec @ https://files.pythonhosted.org/packages/6c/c0/a98505f18594f1bce828bb159cec0fcf9860562f1a2c85913409fc8f3d9e/fsspec-2026.9.0-py3-none-any.whl --hash=sha256:8dd6e646e99ea382bd85f97a45e6b526a442d79423a7dc673f1e2756d05fcb5f
glcontext @ https://files.pythonhosted.org/packages/4c/6e/0f155e2b8bf9899e3d937a4467c88b3ad11b273e537ecf83eec22710d359/glcontext-2.5.0-cp310-cp310-win_amd64.whl --hash=sha256:194b2657f46310cd86662d946d85162710b43e4abbef800c83a61f44b09352ad
huggingface-hub @ https://files.pythonhosted.org/packages/aa/f3/3fc97336a0e90516901befd4f500f08d691034d387406fdbde85bea827cc/huggingface_hub-0.17.3-py3-none-any.whl --hash=sha256:545eb3665f6ac587add946e73984148f2ea5c7877eac2e845549730570c1933a
humanfriendly @ https://files.pythonhosted.org/packages/f0/0f/310fb31e39e2d734ccaa2c0fb981ee41f7bd5056ce9bc29b2248bd569169/humanfriendly-10.0-py2.py3-none-any.whl --hash=sha256:1697e1a8a8f550fd43c2865cd84542fc175a61dcb779b6fee18cf6b6ccba1477
idna @ https://files.pythonhosted.org/packages/58/a2/bb081bab032533a855d44de1d56f8e8426114ff1ba5d1f07a438a0a654f8/idna-3.20-py3-none-any.whl --hash=sha256:ab7ae7122974553370f0bdb919e1a960b2cd1bc1ef0276416d896db81c14582c
imageio @ https://files.pythonhosted.org/packages/02/25/66533a8390e3763cf8254dee143dbf8a830391ea60d2762512ba7f9ddfbe/imageio-2.34.0-py3-none-any.whl --hash=sha256:08082bf47ccb54843d9c73fe9fc8f3a88c72452ab676b58aca74f36167e8ccba
imageio-ffmpeg @ https://files.pythonhosted.org/packages/2c/c6/fa760e12a2483469e2bf5058c5faff664acf66cadb4df2ad6205b016a73d/imageio_ffmpeg-0.6.0-py3-none-win_amd64.whl --hash=sha256:02fa47c83703c37df6bfe4896aab339013f62bf02c5ebf2dce6da56af04ffc0a
jsonschema @ https://files.pythonhosted.org/packages/69/90/f63fb5873511e014207a475e2bb4e8b2e570d655b00ac19a9a0ca0a385ee/jsonschema-4.26.0-py3-none-any.whl --hash=sha256:d489f15263b8d200f8387e64b4c3a75f06629559fb73deb8fdfb525f2dab50ce
jsonschema-specifications @ https://files.pythonhosted.org/packages/41/45/1a4ed80516f02155c51f51e8cedb3c1902296743db0bbc66608a0db2814f/jsonschema_specifications-2025.9.1-py3-none-any.whl --hash=sha256:98802fee3a11ee76ecaca44429fda8a41bff98b00a0f2838151b113f210cc6fe
lazy-loader @ https://files.pythonhosted.org/packages/23/93/4e45e37f26c820216704b36b8e67cc55c490a7abd287a78a26a2c0e21386/lazy_loader-0.6-py3-none-any.whl --hash=sha256:77253be3391b06124a0e16105bd663b6c54470af1a9ca8e1cf026f38d58ed056
llvmlite @ https://files.pythonhosted.org/packages/87/d3/853c8e0d91a1570fa06caa15cb94919f038f472b68b5995aaa5c9045ca20/llvmlite-0.50.0-cp310-cp310-win_amd64.whl --hash=sha256:cda14ab787e609c2c2c5d1386a6d5f8723e9d047d27341585f606c27dc5744ab
moderngl @ https://files.pythonhosted.org/packages/cb/d1/e514f1e6d1e28edd3d9c46f61c55c8fc9ab6421cd9e231c2c0a94d8e0ff0/moderngl-5.10.0-cp310-cp310-win_amd64.whl --hash=sha256:28c45e477cc2e47189bc6696b73777072d4c76ad59de4f8fd027ba5c6561b2c0
mpmath @ https://files.pythonhosted.org/packages/43/e3/7d92a15f894aa0c9c4b49b8ee9ac9850d6e63b03c9c32c0367a13ae62209/mpmath-1.3.0-py3-none-any.whl --hash=sha256:a0b2b9fe80bbcd81a6647ff13108738cfb482d481d826cc0e02f5b35e5c88d2c
networkx @ https://files.pythonhosted.org/packages/b9/54/dd730b32ea14ea797530a4479b2ed46a6fb250f682a9cfb997e968bf0261/networkx-3.4.2-py3-none-any.whl --hash=sha256:df5d4365b724cf81b8c6a7312509d0c22386097011ad1abe274afd5e9d3bbc5f
ninja @ https://files.pythonhosted.org/packages/03/93/09a9f7672b4f97438aca6217ac54212a63273f1cd3b46b731d0bb22c53e7/ninja-1.11.1.3-py3-none-win_amd64.whl --hash=sha256:04d48d14ea7ba11951c156599ab526bdda575450797ff57c6fdf99b2554d09c7
numba @ https://files.pythonhosted.org/packages/fa/53/344c32e45cf7d59896d872351ca5b630010cc228f27892d9c6a59a753c18/numba-0.68.0-cp310-cp310-win_amd64.whl --hash=sha256:83c22d3cede341102bc215e373c6db30ac36a4aee46ba3d5fb8a574f7a580933
numpy @ https://files.pythonhosted.org/packages/19/77/538f202862b9183f54108557bfda67e17603fc560c384559e769321c9d92/numpy-1.26.4-cp310-cp310-win_amd64.whl --hash=sha256:b97fe8060236edf3662adfc2c633f56a08ae30560c56310562cb4f95500022d5
omegaconf @ https://files.pythonhosted.org/packages/e3/94/1843518e420fa3ed6919835845df698c7e27e183cb997394e4a670973a65/omegaconf-2.3.0-py3-none-any.whl --hash=sha256:7b4df175cdb08ba400f45cae3bdcae7ba8365db4d165fc65fd04b050ab63b46b
onnxruntime @ https://files.pythonhosted.org/packages/cd/6d/738e50c47c2fd285b1e6c8083f15dac1a5f6199213378a5f14092497296d/onnxruntime-1.23.2-cp310-cp310-win_amd64.whl --hash=sha256:0be6a37a45e6719db5120e9986fcd30ea205ac8103fd1fb74b6c33348327a0cc
opencv-python-headless @ https://files.pythonhosted.org/packages/86/8a/69176a64335aed183529207ba8bc3d329c2999d852b4f3818027203f50e6/opencv_python_headless-4.11.0.86-cp37-abi3-win_amd64.whl --hash=sha256:6c304df9caa7a6a5710b91709dd4786bf20a74d57672b3c31f7033cc638174ca
packaging @ https://files.pythonhosted.org/packages/88/ef/eb23f262cca3c0c4eb7ab1933c3b1f03d021f2c48f54763065b6f0e321be/packaging-24.2-py3-none-any.whl --hash=sha256:09abb1bccd265c01f4a3aa3f7a7db064b36514d2cba19a2f694fe6150451a759
platformdirs @ https://files.pythonhosted.org/packages/c5/9b/6ce1ead737fe496611bda600c263b9a11ae7bd8f41bb13f9bd7e0a2c37a4/platformdirs-4.12.3-py3-none-any.whl --hash=sha256:080f3b39423b5abfca9a23d84c4e9795f54d395cd8459867a8ded44084fcd5f8
pooch @ https://files.pythonhosted.org/packages/2a/2d/d4bf65e47cea8ff2c794a600c4fd1273a7902f268757c531e0ee9f18aa58/pooch-1.9.0-py3-none-any.whl --hash=sha256:f265597baa9f760d25ceb29d0beb8186c243d6607b0f60b83ecf14078dbc703b
protobuf @ https://files.pythonhosted.org/packages/8a/55/b77bda4e5e5f5971fb51b07663694690e9afdb9402136c16a522bd621cad/protobuf-7.36.2-cp310-abi3-win_amd64.whl --hash=sha256:a300819d441e078a5608c0d3c709796bb548136058fda017ae51d425b44fd353
psutil @ https://files.pythonhosted.org/packages/b4/90/e2159492b5426be0c1fef7acba807a03511f97c5f86b3caeda6ad92351a7/psutil-7.2.2-cp37-abi3-win_amd64.whl --hash=sha256:eb7e81434c8d223ec4a219b5fc1c47d0417b12be7ea866e24fb5ad6e84b3d988
pyreadline3 @ https://files.pythonhosted.org/packages/f7/5e/35c856e186b74678c24927847ad9895a51f1bc02a0c6126477a6c6040064/pyreadline3-3.5.6-py3-none-any.whl --hash=sha256:8449b734232e42a5dcd74048e39b60db2839a4c38cf3ae2bf7707d58b5389c0d
referencing @ https://files.pythonhosted.org/packages/2c/58/ca301544e1fa93ed4f80d724bf5b194f6e4b945841c5bfd555878eea9fcb/referencing-0.37.0-py3-none-any.whl --hash=sha256:381329a9f99628c9069361716891d34ad94af76e461dcb0335825aecc7692231
regex @ https://files.pythonhosted.org/packages/0c/f6/b127312ebc8092357f435c9e4594fd8cf50abb85f8b4b16ab8d262abab2a/regex-2026.9.29-cp310-cp310-win_amd64.whl --hash=sha256:23ae6fdad9e63e54038f5ef78aba2933faca61e24d432786589e737bc5522ebb
rembg @ https://files.pythonhosted.org/packages/c4/49/f13f89b0904a81277cb5db81246c35ef3df5b69cfbfb38c6b63a532d8b02/rembg-2.0.60-py3-none-any.whl --hash=sha256:b8675a253d01742a44efe899850d5c3569e2d210e46e2aed4dd6c732f2e97314
requests @ https://files.pythonhosted.org/packages/a0/f4/c67b0b3f1b9245e8d266f0f112c500d50e5b4e83cb6f3b71b6528104182a/requests-2.34.2-py3-none-any.whl --hash=sha256:2a0d60c172f83ac6ab31e4554906c0f3b3588d37b5cb939b1c061f4907e278e0
rpds-py @ https://files.pythonhosted.org/packages/96/cb/156d7a5cf4f78a7cc571465d8aec7a3c447c94f6749c5123f08438bcf7bc/rpds_py-0.30.0-cp310-cp310-win_amd64.whl --hash=sha256:1726859cd0de969f88dc8673bdd954185b9104e05806be64bcd87badbe313169
safetensors @ https://files.pythonhosted.org/packages/1b/6d/3fba214c1e5e0f69991677ec3bc17023f0421776975e1de0c682dca475e2/safetensors-0.8.0-cp310-abi3-win_amd64.whl --hash=sha256:096ec1a98435df7beb08853bb5aa9081a84f23d0adc67ed1a0a10550f608373f
scikit-image @ https://files.pythonhosted.org/packages/5f/ee/c53a009e3997dda9d285402f19226fbd17b5b3cb215da391c4ed084a1424/scikit_image-0.25.2-cp310-cp310-win_amd64.whl --hash=sha256:60516257c5a2d2f74387c502aa2f15a0ef3498fbeaa749f730ab18f0a40fd054
scipy @ https://files.pythonhosted.org/packages/d1/84/55bc4881973d3f79b479a5a2e2df61c8c9a04fcb986a213ac9c02cfb659b/scipy-1.15.3-cp310-cp310-win_amd64.whl --hash=sha256:9d61e97b186a57350f6d6fd72640f9e99d5a4a2b8fbf4b9ee9a841eab327dc13
setuptools @ https://files.pythonhosted.org/packages/55/21/47d163f615df1d30c094f6c8bbb353619274edccf0327b185cc2493c2c33/setuptools-75.6.0-py3-none-any.whl --hash=sha256:ce74b49e8f7110f9bf04883b730f4765b774ef3ef28f722cce7c273d253aaf7d
sympy @ https://files.pythonhosted.org/packages/b2/fe/81695a1aa331a842b582453b605175f419fe8540355886031328089d840a/sympy-1.13.1-py3-none-any.whl --hash=sha256:db36cdc64bf61b9b24578b6f7bab1ecdd2452cf008f34faa33776680c26d66f8
tifffile @ https://files.pythonhosted.org/packages/5d/06/bd0a6097da704a7a7c34a94cfd771c3ea3c2f405dd214e790d22c93f6be1/tifffile-2025.5.10-py3-none-any.whl --hash=sha256:e37147123c0542d67bc37ba5cdd67e12ea6fbe6e86c52bee037a9eb6a064e5ad
tokenizers @ https://files.pythonhosted.org/packages/92/02/15556b80450301d2ef014bc598df4352bfb39631c5fcff758d8e0ac9f065/tokenizers-0.14.1-cp310-none-win_amd64.whl --hash=sha256:c2c659f2106b6d154f118ad1b700e68148c46c59b720f04867b1fc5f26a85060
torch @ file:///D:/Dev/Krag-Kings/benchmark/local/triposr-downloads-v1/torch-2.5.1%2Bcu121-cp310-cp310-win_amd64.whl --hash=sha256:9b22d6d98aa56f9317902dec0e066814a6edba1aada90110ceea2bb0678df22f
tqdm @ https://files.pythonhosted.org/packages/a7/03/921a3d3c75785aca9ebfbfcabfbc3a1be12e2ab5265deb026d55a5a3f83e/tqdm-4.70.1-py3-none-any.whl --hash=sha256:c293e525e6fef9c20e8728fd4612df02a0aa31bb5fe91ecd93e123b1b7bffa73
transformers @ https://files.pythonhosted.org/packages/9a/06/e4ec2a321e57c03b7e9345d709d554a52c33760e5015fdff0919d9459af0/transformers-4.35.0-py3-none-any.whl --hash=sha256:45aa9370d7d9ba1c43e6bfa04d7f8b61238497d4b646e573fd95e597fe4040ff
trimesh @ https://files.pythonhosted.org/packages/c4/28/f3c55fad13f908fdbedd763ed63bd07f409c32ef40bb0381d6107738fed3/trimesh-4.0.5-py3-none-any.whl --hash=sha256:d139a9108fc7d68a9cd3f5788528eadc20f25a10ae915922b4a2768e0b23d943
typing_extensions @ https://files.pythonhosted.org/packages/49/d3/b8441a820a491ddfc024b0b0cf0393375b75ea13866d9c66727e54c2fc80/typing_extensions-4.16.0-py3-none-any.whl --hash=sha256:481caa481374e813c1b176ada14e97f1f67a4539ce9cfeb3f350d78d6370c2e8
urllib3 @ https://files.pythonhosted.org/packages/92/9d/c4e665119135114480843e7ab388fa94d8480650450e6f8e26b70d323a4c/urllib3-2.8.0-py3-none-any.whl --hash=sha256:0cf3cae568d36aa9576b28dfb35f11328f1cb974ca7647d9475ebb86c75ac6e3
wheel @ https://files.pythonhosted.org/packages/0b/2c/87f3254fd8ffd29e4c02732eee68a83a1d3c346ae39bc6822dcbcb697f2b/wheel-0.45.1-py3-none-any.whl --hash=sha256:708e7481cc80179af0e556bbf0cc00b8444c7321e2700b8d8580231d13017248
xatlas @ https://files.pythonhosted.org/packages/8a/85/1be08a07e3be83fd35d3d2ad08205ed883f802f7e22c0ee6040bca0b8ca3/xatlas-0.0.9-cp310-cp310-win_amd64.whl --hash=sha256:b6dc196d2c5f5c86513aa790b504f0f5c447b0ae9af27680c56d6ac7281117c2
